Microsoft Visual Studio Solution File, Format Version 12.00
# Visual Studio 2012
Project("{1B19158F-E398-40A6-8E3B-350508E125F1}") = "RadioButton", "Application2\RadioButton.dxjsproj", "{7E875826-6850-4BC3-A968-A284CC82EB43}"
EndProject
Global
	GlobalSection(SolutionConfigurationPlatforms) = preSolution
		Debug|x86 = Debug|x86
		Release|x86 = Release|x86
	EndGlobalSection
	GlobalSection(ProjectConfigurationPlatforms) = postSolution
		{7E875826-6850-4BC3-A968-A284CC82EB43}.Debug|x86.ActiveCfg = Debug|Any CPU
		{7E875826-6850-4BC3-A968-A284CC82EB43}.Release|x86.ActiveCfg = Release|Any CPU
	EndGlobalSection
	GlobalSection(SolutionProperties) = preSolution
		HideSolutionNode = FALSE
	EndGlobalSection
EndGlobal
